
Microsoft Visual Studio Solution File, Format Version 12.00
# Visual Studio Version 16
VisualStudioVersion = 16.0.31321.278
MinimumVisualStudioVersion = 10.0.40219.1
Project("{2150E333-8FDC-42A3-9474-1A3956D46DE8}") = "src", "src", "{8CC6F6E7-52C3-4230-B973-ECD97AD50C48}"
EndProject
Project("{9A19103F-16F7-4668-BE54-9A1E7A4F7556}") = "ConsoleApp", "src\console-app\ConsoleApp.csproj", "{3F41EBFC-8645-4B26-98DD-05D770B6EDA9}"
EndProject
Project("{2150E333-8FDC-42A3-9474-1A3956D46DE8}") = "Shared", "Shared", "{F9EB0925-D03D-46AC-BA46-7BC1103D5AF4}"
EndProject
Project("{2150E333-8FDC-42A3-9474-1A3956D46DE8}") = "Components", "Components", "{ACD8E291-5D94-4192-B4C1-5D0E8248CAA8}"
EndProject
Project("{9A19103F-16F7-4668-BE54-9A1E7A4F7556}") = "Components.User", "src\components\components.user\Components.User.csproj", "{C13A22C8-1F8B-4D37-962B-D2A2B9C4AC44}"
EndProject
Project("{9A19103F-16F7-4668-BE54-9A1E7A4F7556}") = "Components.Value", "src\components\Components.Value\Components.Value.csproj", "{E8A72172-F064-4544-8263-949F3722416D}"
EndProject
Project("{9A19103F-16F7-4668-BE54-9A1E7A4F7556}") = "Components.Core", "src\shared\components.core\Components.Core.csproj", "{0A4B4F8C-16F4-4D20-A922-44358B69BAC4}"
EndProject
Global
	GlobalSection(SolutionConfigurationPlatforms) = preSolution
		Debug|Any CPU = Debug|Any CPU
		Release|Any CPU = Release|Any CPU
	EndGlobalSection
	GlobalSection(ProjectConfigurationPlatforms) = postSolution
		{3F41EBFC-8645-4B26-98DD-05D770B6EDA9}.Debug|Any CPU.ActiveCfg = Debug|Any CPU
		{3F41EBFC-8645-4B26-98DD-05D770B6EDA9}.Debug|Any CPU.Build.0 = Debug|Any CPU
		{3F41EBFC-8645-4B26-98DD-05D770B6EDA9}.Release|Any CPU.ActiveCfg = Release|Any CPU
		{3F41EBFC-8645-4B26-98DD-05D770B6EDA9}.Release|Any CPU.Build.0 = Release|Any CPU
		{C13A22C8-1F8B-4D37-962B-D2A2B9C4AC44}.Debug|Any CPU.ActiveCfg = Debug|Any CPU
		{C13A22C8-1F8B-4D37-962B-D2A2B9C4AC44}.Debug|Any CPU.Build.0 = Debug|Any CPU
		{C13A22C8-1F8B-4D37-962B-D2A2B9C4AC44}.Release|Any CPU.ActiveCfg = Release|Any CPU
		{C13A22C8-1F8B-4D37-962B-D2A2B9C4AC44}.Release|Any CPU.Build.0 = Release|Any CPU
		{E8A72172-F064-4544-8263-949F3722416D}.Debug|Any CPU.ActiveCfg = Debug|Any CPU
		{E8A72172-F064-4544-8263-949F3722416D}.Debug|Any CPU.Build.0 = Debug|Any CPU
		{E8A72172-F064-4544-8263-949F3722416D}.Release|Any CPU.ActiveCfg = Release|Any CPU
		{E8A72172-F064-4544-8263-949F3722416D}.Release|Any CPU.Build.0 = Release|Any CPU
		{0A4B4F8C-16F4-4D20-A922-44358B69BAC4}.Debug|Any CPU.ActiveCfg = Debug|Any CPU
		{0A4B4F8C-16F4-4D20-A922-44358B69BAC4}.Debug|Any CPU.Build.0 = Debug|Any CPU
		{0A4B4F8C-16F4-4D20-A922-44358B69BAC4}.Release|Any CPU.ActiveCfg = Release|Any CPU
		{0A4B4F8C-16F4-4D20-A922-44358B69BAC4}.Release|Any CPU.Build.0 = Release|Any CPU
	EndGlobalSection
	GlobalSection(SolutionProperties) = preSolution
		HideSolutionNode = FALSE
	EndGlobalSection
	GlobalSection(NestedProjects) = preSolution
		{3F41EBFC-8645-4B26-98DD-05D770B6EDA9} = {8CC6F6E7-52C3-4230-B973-ECD97AD50C48}
		{F9EB0925-D03D-46AC-BA46-7BC1103D5AF4} = {8CC6F6E7-52C3-4230-B973-ECD97AD50C48}
		{ACD8E291-5D94-4192-B4C1-5D0E8248CAA8} = {8CC6F6E7-52C3-4230-B973-ECD97AD50C48}
		{C13A22C8-1F8B-4D37-962B-D2A2B9C4AC44} = {ACD8E291-5D94-4192-B4C1-5D0E8248CAA8}
		{E8A72172-F064-4544-8263-949F3722416D} = {ACD8E291-5D94-4192-B4C1-5D0E8248CAA8}
		{0A4B4F8C-16F4-4D20-A922-44358B69BAC4} = {F9EB0925-D03D-46AC-BA46-7BC1103D5AF4}
	EndGlobalSection
	GlobalSection(ExtensibilityGlobals) = postSolution
		SolutionGuid = {88055996-2E3A-4264-BA9A-32497984EC71}
	EndGlobalSection
EndGlobal
